
Microsoft Visual Studio Solution File, Format Version 12.00
# Visual Studio 14
VisualStudioVersion = 14.0.25420.1
MinimumVisualStudioVersion = 10.0.40219.1
Project("{2150E333-8FDC-42A3-9474-1A3956D46DE8}") = "1 - Presentation", "1 - Presentation", "{8D33F31C-BAEE-4D99-ADF8-C7D597ACD636}"
EndProject
Project("{2150E333-8FDC-42A3-9474-1A3956D46DE8}") = "2 - Services", "2 - Services", "{16723465-38C9-4AAF-877D-54BE9EBE3B66}"
EndProject
Project("{FAE04EC0-301F-11D3-BF4B-00C04F79EFBC}") = "RT.EyePal.Services", "src\RT.EyePal.Services\RT.EyePal.Services.csproj", "{74DEDAA8-2B09-45A8-B327-A5E56F934EC8}"
EndProject
Project("{FAE04EC0-301F-11D3-BF4B-00C04F79EFBC}") = "RT.EyePal.Wpf", "src\RT.EyePal.Wpf\RT.EyePal.Wpf.csproj", "{27C4C740-F439-49F7-9C0F-2C6CB034A95D}"
EndProject
Project("{2150E333-8FDC-42A3-9474-1A3956D46DE8}") = "3 - Application", "3 - Application", "{2A7A08A6-9367-4151-B00B-8B395DAC3294}"
EndProject
Project("{2150E333-8FDC-42A3-9474-1A3956D46DE8}") = "4 - Domain", "4 - Domain", "{7FDC62A2-12C6-4FA0-A760-0645BC890DB1}"
EndProject
Project("{2150E333-8FDC-42A3-9474-1A3956D46DE8}") = "5 - Infra", "5 - Infra", "{967E27B4-21C1-40EB-BA44-0C5060166871}"
EndProject
Project("{2150E333-8FDC-42A3-9474-1A3956D46DE8}") = "5.1 - Data", "5.1 - Data", "{1FE8CB50-5D41-4350-BC6A-02CAFA190991}"
EndProject
Project("{2150E333-8FDC-42A3-9474-1A3956D46DE8}") = "5.2 - CrossCutting", "5.2 - CrossCutting", "{1B4E4E82-2FF0-40C1-8095-C744DB067788}"
EndProject
Project("{2150E333-8FDC-42A3-9474-1A3956D46DE8}") = "6 - Setup", "6 - Setup", "{322B71FE-39A4-4713-8748-95E9AF281601}"
EndProject
Project("{6141683F-8A12-4E36-9623-2EB02B2C2303}") = "EyePalSetup", "setup\EyePalSetup\EyePalSetup.isproj", "{2668BEE7-119B-4ABB-9337-DBC8D48C91FD}"
	ProjectSection(ProjectDependencies) = postProject
		{27C4C740-F439-49F7-9C0F-2C6CB034A95D} = {27C4C740-F439-49F7-9C0F-2C6CB034A95D}
	EndProjectSection
EndProject
Project("{FAE04EC0-301F-11D3-BF4B-00C04F79EFBC}") = "RT.EyePal.Application", "src\RT.EyePal.Application\RT.EyePal.Application.csproj", "{7D2E6A0F-FFBC-41D8-9919-0DDA21816D65}"
EndProject
Project("{FAE04EC0-301F-11D3-BF4B-00C04F79EFBC}") = "RT.EyePal.Domain", "src\RT.EyePal.Domain\RT.EyePal.Domain.csproj", "{5F2CAFC8-FE8E-4413-B4A5-0233E6DD7EAC}"
EndProject
Project("{FAE04EC0-301F-11D3-BF4B-00C04F79EFBC}") = "RT.EyePal.Infra.CC", "src\RT.EyePal.Infra.CC\RT.EyePal.Infra.CC.csproj", "{0EE2C8E5-25ED-4719-A187-366305332818}"
EndProject
Project("{FAE04EC0-301F-11D3-BF4B-00C04F79EFBC}") = "RT.EyePal.Infra.Data", "src\RT.EyePal.Infra.Data\RT.EyePal.Infra.Data.csproj", "{903DC977-16FC-4315-814E-FB00B0655391}"
EndProject
Project("{FAE04EC0-301F-11D3-BF4B-00C04F79EFBC}") = "RT.EyePal.Infra.CC.Injector", "src\RT.EyePal.Infra.CC.Injector\RT.EyePal.Infra.CC.Injector.csproj", "{E0152563-8511-4E86-B6F1-95DC1A39CACF}"
EndProject
Global
	GlobalSection(SolutionConfigurationPlatforms) = preSolution
		CD_ROM|Any CPU = CD_ROM|Any CPU
		Debug|Any CPU = Debug|Any CPU
		DVD-5|Any CPU = DVD-5|Any CPU
		Release|Any CPU = Release|Any CPU
		SingleImage|Any CPU = SingleImage|Any CPU
	EndGlobalSection
	GlobalSection(ProjectConfigurationPlatforms) = postSolution
		{74DEDAA8-2B09-45A8-B327-A5E56F934EC8}.CD_ROM|Any CPU.ActiveCfg = Release|Any CPU
		{74DEDAA8-2B09-45A8-B327-A5E56F934EC8}.CD_ROM|Any CPU.Build.0 = Release|Any CPU
		{74DEDAA8-2B09-45A8-B327-A5E56F934EC8}.Debug|Any CPU.ActiveCfg = Debug|Any CPU
		{74DEDAA8-2B09-45A8-B327-A5E56F934EC8}.Debug|Any CPU.Build.0 = Debug|Any CPU
		{74DEDAA8-2B09-45A8-B327-A5E56F934EC8}.DVD-5|Any CPU.ActiveCfg = Debug|Any CPU
		{74DEDAA8-2B09-45A8-B327-A5E56F934EC8}.DVD-5|Any CPU.Build.0 = Debug|Any CPU
		{74DEDAA8-2B09-45A8-B327-A5E56F934EC8}.Release|Any CPU.ActiveCfg = Release|Any CPU
		{74DEDAA8-2B09-45A8-B327-A5E56F934EC8}.Release|Any CPU.Build.0 = Release|Any CPU
		{74DEDAA8-2B09-45A8-B327-A5E56F934EC8}.SingleImage|Any CPU.ActiveCfg = Release|Any CPU
		{74DEDAA8-2B09-45A8-B327-A5E56F934EC8}.SingleImage|Any CPU.Build.0 = Release|Any CPU
		{27C4C740-F439-49F7-9C0F-2C6CB034A95D}.CD_ROM|Any CPU.ActiveCfg = Release|Any CPU
		{27C4C740-F439-49F7-9C0F-2C6CB034A95D}.CD_ROM|Any CPU.Build.0 = Release|Any CPU
		{27C4C740-F439-49F7-9C0F-2C6CB034A95D}.Debug|Any CPU.ActiveCfg = Debug|Any CPU
		{27C4C740-F439-49F7-9C0F-2C6CB034A95D}.Debug|Any CPU.Build.0 = Debug|Any CPU
		{27C4C740-F439-49F7-9C0F-2C6CB034A95D}.DVD-5|Any CPU.ActiveCfg = Debug|Any CPU
		{27C4C740-F439-49F7-9C0F-2C6CB034A95D}.DVD-5|Any CPU.Build.0 = Debug|Any CPU
		{27C4C740-F439-49F7-9C0F-2C6CB034A95D}.Release|Any CPU.ActiveCfg = Release|Any CPU
		{27C4C740-F439-49F7-9C0F-2C6CB034A95D}.Release|Any CPU.Build.0 = Release|Any CPU
		{27C4C740-F439-49F7-9C0F-2C6CB034A95D}.SingleImage|Any CPU.ActiveCfg = Release|Any CPU
		{27C4C740-F439-49F7-9C0F-2C6CB034A95D}.SingleImage|Any CPU.Build.0 = Release|Any CPU
		{2668BEE7-119B-4ABB-9337-DBC8D48C91FD}.CD_ROM|Any CPU.ActiveCfg = CD_ROM
		{2668BEE7-119B-4ABB-9337-DBC8D48C91FD}.CD_ROM|Any CPU.Build.0 = CD_ROM
		{2668BEE7-119B-4ABB-9337-DBC8D48C91FD}.Debug|Any CPU.ActiveCfg = DVD-5
		{2668BEE7-119B-4ABB-9337-DBC8D48C91FD}.Debug|Any CPU.Build.0 = DVD-5
		{2668BEE7-119B-4ABB-9337-DBC8D48C91FD}.DVD-5|Any CPU.ActiveCfg = DVD-5
		{2668BEE7-119B-4ABB-9337-DBC8D48C91FD}.DVD-5|Any CPU.Build.0 = DVD-5
		{2668BEE7-119B-4ABB-9337-DBC8D48C91FD}.Release|Any CPU.ActiveCfg = SingleImage
		{2668BEE7-119B-4ABB-9337-DBC8D48C91FD}.Release|Any CPU.Build.0 = SingleImage
		{2668BEE7-119B-4ABB-9337-DBC8D48C91FD}.SingleImage|Any CPU.ActiveCfg = SingleImage
		{2668BEE7-119B-4ABB-9337-DBC8D48C91FD}.SingleImage|Any CPU.Build.0 = SingleImage
		{7D2E6A0F-FFBC-41D8-9919-0DDA21816D65}.CD_ROM|Any CPU.ActiveCfg = Release|Any CPU
		{7D2E6A0F-FFBC-41D8-9919-0DDA21816D65}.CD_ROM|Any CPU.Build.0 = Release|Any CPU
		{7D2E6A0F-FFBC-41D8-9919-0DDA21816D65}.Debug|Any CPU.ActiveCfg = Debug|Any CPU
		{7D2E6A0F-FFBC-41D8-9919-0DDA21816D65}.Debug|Any CPU.Build.0 = Debug|Any CPU
		{7D2E6A0F-FFBC-41D8-9919-0DDA21816D65}.DVD-5|Any CPU.ActiveCfg = Debug|Any CPU
		{7D2E6A0F-FFBC-41D8-9919-0DDA21816D65}.DVD-5|Any CPU.Build.0 = Debug|Any CPU
		{7D2E6A0F-FFBC-41D8-9919-0DDA21816D65}.Release|Any CPU.ActiveCfg = Release|Any CPU
		{7D2E6A0F-FFBC-41D8-9919-0DDA21816D65}.Release|Any CPU.Build.0 = Release|Any CPU
		{7D2E6A0F-FFBC-41D8-9919-0DDA21816D65}.SingleImage|Any CPU.ActiveCfg = Release|Any CPU
		{7D2E6A0F-FFBC-41D8-9919-0DDA21816D65}.SingleImage|Any CPU.Build.0 = Release|Any CPU
		{5F2CAFC8-FE8E-4413-B4A5-0233E6DD7EAC}.CD_ROM|Any CPU.ActiveCfg = Release|Any CPU
		{5F2CAFC8-FE8E-4413-B4A5-0233E6DD7EAC}.CD_ROM|Any CPU.Build.0 = Release|Any CPU
		{5F2CAFC8-FE8E-4413-B4A5-0233E6DD7EAC}.Debug|Any CPU.ActiveCfg = Debug|Any CPU
		{5F2CAFC8-FE8E-4413-B4A5-0233E6DD7EAC}.Debug|Any CPU.Build.0 = Debug|Any CPU
		{5F2CAFC8-FE8E-4413-B4A5-0233E6DD7EAC}.DVD-5|Any CPU.ActiveCfg = Debug|Any CPU
		{5F2CAFC8-FE8E-4413-B4A5-0233E6DD7EAC}.DVD-5|Any CPU.Build.0 = Debug|Any CPU
		{5F2CAFC8-FE8E-4413-B4A5-0233E6DD7EAC}.Release|Any CPU.ActiveCfg = Release|Any CPU
		{5F2CAFC8-FE8E-4413-B4A5-0233E6DD7EAC}.Release|Any CPU.Build.0 = Release|Any CPU
		{5F2CAFC8-FE8E-4413-B4A5-0233E6DD7EAC}.SingleImage|Any CPU.ActiveCfg = Release|Any CPU
		{5F2CAFC8-FE8E-4413-B4A5-0233E6DD7EAC}.SingleImage|Any CPU.Build.0 = Release|Any CPU
		{0EE2C8E5-25ED-4719-A187-366305332818}.CD_ROM|Any CPU.ActiveCfg = Release|Any CPU
		{0EE2C8E5-25ED-4719-A187-366305332818}.CD_ROM|Any CPU.Build.0 = Release|Any CPU
		{0EE2C8E5-25ED-4719-A187-366305332818}.Debug|Any CPU.ActiveCfg = Debug|Any CPU
		{0EE2C8E5-25ED-4719-A187-366305332818}.Debug|Any CPU.Build.0 = Debug|Any CPU
		{0EE2C8E5-25ED-4719-A187-366305332818}.DVD-5|Any CPU.ActiveCfg = Debug|Any CPU
		{0EE2C8E5-25ED-4719-A187-366305332818}.DVD-5|Any CPU.Build.0 = Debug|Any CPU
		{0EE2C8E5-25ED-4719-A187-366305332818}.Release|Any CPU.ActiveCfg = Release|Any CPU
		{0EE2C8E5-25ED-4719-A187-366305332818}.Release|Any CPU.Build.0 = Release|Any CPU
		{0EE2C8E5-25ED-4719-A187-366305332818}.SingleImage|Any CPU.ActiveCfg = Release|Any CPU
		{0EE2C8E5-25ED-4719-A187-366305332818}.SingleImage|Any CPU.Build.0 = Release|Any CPU
		{903DC977-16FC-4315-814E-FB00B0655391}.CD_ROM|Any CPU.ActiveCfg = Release|Any CPU
		{903DC977-16FC-4315-814E-FB00B0655391}.CD_ROM|Any CPU.Build.0 = Release|Any CPU
		{903DC977-16FC-4315-814E-FB00B0655391}.Debug|Any CPU.ActiveCfg = Debug|Any CPU
		{903DC977-16FC-4315-814E-FB00B0655391}.Debug|Any CPU.Build.0 = Debug|Any CPU
		{903DC977-16FC-4315-814E-FB00B0655391}.DVD-5|Any CPU.ActiveCfg = Debug|Any CPU
		{903DC977-16FC-4315-814E-FB00B0655391}.DVD-5|Any CPU.Build.0 = Debug|Any CPU
		{903DC977-16FC-4315-814E-FB00B0655391}.Release|Any CPU.ActiveCfg = Release|Any CPU
		{903DC977-16FC-4315-814E-FB00B0655391}.Release|Any CPU.Build.0 = Release|Any CPU
		{903DC977-16FC-4315-814E-FB00B0655391}.SingleImage|Any CPU.ActiveCfg = Release|Any CPU
		{903DC977-16FC-4315-814E-FB00B0655391}.SingleImage|Any CPU.Build.0 = Release|Any CPU
		{E0152563-8511-4E86-B6F1-95DC1A39CACF}.CD_ROM|Any CPU.ActiveCfg = Release|Any CPU
		{E0152563-8511-4E86-B6F1-95DC1A39CACF}.CD_ROM|Any CPU.Build.0 = Release|Any CPU
		{E0152563-8511-4E86-B6F1-95DC1A39CACF}.Debug|Any CPU.ActiveCfg = Debug|Any CPU
		{E0152563-8511-4E86-B6F1-95DC1A39CACF}.Debug|Any CPU.Build.0 = Debug|Any CPU
		{E0152563-8511-4E86-B6F1-95DC1A39CACF}.DVD-5|Any CPU.ActiveCfg = Debug|Any CPU
		{E0152563-8511-4E86-B6F1-95DC1A39CACF}.DVD-5|Any CPU.Build.0 = Debug|Any CPU
		{E0152563-8511-4E86-B6F1-95DC1A39CACF}.Release|Any CPU.ActiveCfg = Release|Any CPU
		{E0152563-8511-4E86-B6F1-95DC1A39CACF}.Release|Any CPU.Build.0 = Release|Any CPU
		{E0152563-8511-4E86-B6F1-95DC1A39CACF}.SingleImage|Any CPU.ActiveCfg = Release|Any CPU
		{E0152563-8511-4E86-B6F1-95DC1A39CACF}.SingleImage|Any CPU.Build.0 = Release|Any CPU
	EndGlobalSection
	GlobalSection(SolutionProperties) = preSolution
		HideSolutionNode = FALSE
	EndGlobalSection
	GlobalSection(NestedProjects) = preSolution
		{74DEDAA8-2B09-45A8-B327-A5E56F934EC8} = {16723465-38C9-4AAF-877D-54BE9EBE3B66}
		{27C4C740-F439-49F7-9C0F-2C6CB034A95D} = {8D33F31C-BAEE-4D99-ADF8-C7D597ACD636}
		{1FE8CB50-5D41-4350-BC6A-02CAFA190991} = {967E27B4-21C1-40EB-BA44-0C5060166871}
		{1B4E4E82-2FF0-40C1-8095-C744DB067788} = {967E27B4-21C1-40EB-BA44-0C5060166871}
		{2668BEE7-119B-4ABB-9337-DBC8D48C91FD} = {322B71FE-39A4-4713-8748-95E9AF281601}
		{7D2E6A0F-FFBC-41D8-9919-0DDA21816D65} = {2A7A08A6-9367-4151-B00B-8B395DAC3294}
		{5F2CAFC8-FE8E-4413-B4A5-0233E6DD7EAC} = {7FDC62A2-12C6-4FA0-A760-0645BC890DB1}
		{0EE2C8E5-25ED-4719-A187-366305332818} = {1B4E4E82-2FF0-40C1-8095-C744DB067788}
		{903DC977-16FC-4315-814E-FB00B0655391} = {1FE8CB50-5D41-4350-BC6A-02CAFA190991}
		{E0152563-8511-4E86-B6F1-95DC1A39CACF} = {1B4E4E82-2FF0-40C1-8095-C744DB067788}
	EndGlobalSection
EndGlobal
